# This file is autogenerated, do not edit; changes may be undone by the next 'dep ensure'.


[[projects]]
  branch = "master"
  digest = "1:2a4afef2ef0e4e4ab66b4f4f6a70bf6551ae8b727184771b5547e2b90245fe58"
  name = "github.com/cznic/golex"
  packages = ["lex"]
  pruneopts = "UT"
  revision = "4ab7c5e190e49208c823ce8ec803aa39e6a4b31a"

[[projects]]
  digest = "1:693fb1ba2c76dcac2368bf868ccde37dcc1510d401414c9a7a45571d9bd89cf7"
  name = "github.com/disiqueira/gotree"
  packages = ["."]
  pruneopts = "UT"
  revision = "fa4feb4b24b1470a0c4fe1aecfea6b69821fad85"
  version = "2.0.2"

[[projects]]
  digest = "1:3cafc6a5a1b8269605d9df4c6956d43d8011fc57f266ca6b9d04da6c09dee548"
  name = "github.com/mattn/go-sqlite3"
  packages = ["."]
  pruneopts = "UT"
  revision = "25ecb14adfc7543176f7d85291ec7dba82c6f7e4"
  version = "v1.9.0"

[[projects]]
  digest = "1:16abedbffc3a1da7d9498fae1c60a93e36963808af234b8528a476a5114516e6"
  name = "github.com/z7zmey/php-parser"
  packages = [
    "comment",
    "errors",
    "node",
    "node/expr",
    "node/expr/assign",
    "node/expr/binary",
    "node/expr/cast",
    "node/name",
    "node/scalar",
    "node/stmt",
    "parser",
    "php7",
    "position",
    "scanner",
    "walker",
  ]
  pruneopts = "UT"
  revision = "290645f3c92c7e725d9cd04aaacdddbd9cedcd28"
  version = "v0.5.1"

[solve-meta]
  analyzer-name = "dep"
  analyzer-version = 1
  input-imports = [
    "github.com/disiqueira/gotree",
    "github.com/mattn/go-sqlite3",
    "github.com/z7zmey/php-parser/node",
    "github.com/z7zmey/php-parser/node/expr",
    "github.com/z7zmey/php-parser/node/name",
    "github.com/z7zmey/php-parser/node/scalar",
    "github.com/z7zmey/php-parser/node/stmt",
    "github.com/z7zmey/php-parser/parser",
    "github.com/z7zmey/php-parser/php7",
    "github.com/z7zmey/php-parser/walker",
  ]
  solver-name = "gps-cdcl"
  solver-version = 1
